<?xml version="1.0" encoding="utf-8"?>
<Project ToolsVersion="4.0" xmlns="http://schemas.microsoft.com/developer/msbuild/2003">
  <ItemGroup>
    <Filter Include="Source Files">
      <UniqueIdentifier>{4FC737F1-C7A5-4376-A066-2A32D752A2FF}</UniqueIdentifier>
      <Extensions>cpp;c;cc;cxx;def;odl;idl;hpj;bat;asm;asmx</Extensions>
    </Filter>
    <Filter Include="Header Files">
      <UniqueIdentifier>{93995380-89BD-4b04-88EB-625FBE52EBFB}</UniqueIdentifier>
      <Extensions>h;hh;hpp;hxx;hm;inl;inc;ipp;xsd</Extensions>
    </Filter>
    <Filter Include="Resource Files">
      <UniqueIdentifier>{67DA6AB6-F800-4c08-8B7A-83BB121AAD01}</UniqueIdentifier>
      <Extensions>rc;ico;cur;bmp;dlg;rc2;rct;bin;rgs;gif;jpg;jpeg;jpe;resx;tiff;tif;png;wav;mfcribbon-ms</Extensions>
    </Filter>
    <Filter Include="Shaders">
      <UniqueIdentifier>{e76f01f5-08db-40d4-8720-b5b21f7ec0a3}</UniqueIdentifier>
    </Filter>
    <Filter Include="Assets">
      <UniqueIdentifier>{27304946-4bdd-48b3-86d6-d0de49df247a}</UniqueIdentifier>
    </Filter>
    <Filter Include="Assets\Models">
      <UniqueIdentifier>{70d904c1-abb7-4ffe-a6fd-58c67ea6f72b}</UniqueIdentifier>
    </Filter>
    <Filter Include="Assets\Textures">
      <UniqueIdentifier>{073e5c75-8b30-4d03-9cc7-826640bc36be}</UniqueIdentifier>
    </Filter>
    <Filter Include="Assets\Textures\HQGame">
      <UniqueIdentifier>{347d5c70-73d2-4716-b28c-06526433d151}</UniqueIdentifier>
    </Filter>
    <Filter Include="Assets\Textures\WithNormals">
      <UniqueIdentifier>{7476640e-6b46-49e4-a478-c3ce10b2ddca}</UniqueIdentifier>
    </Filter>
    <Filter Include="Assets\Textures\Skies">
      <UniqueIdentifier>{343d3538-c075-4c73-8ca8-f919b5ba231b}</UniqueIdentifier>
    </Filter>
    <Filter Include="Assets\Textures\Skies\planets">
      <UniqueIdentifier>{f0ccea00-427b-47f7-8fce-7110b649b668}</UniqueIdentifier>
    </Filter>
  </ItemGroup>
  <ItemGroup>
    <ClCompile Include="DXCore.cpp">
      <Filter>Source Files</Filter>
    </ClCompile>
    <ClCompile Include="Game.cpp">
      <Filter>Source Files</Filter>
    </ClCompile>
    <ClCompile Include="Main.cpp">
      <Filter>Source Files</Filter>
    </ClCompile>
    <ClCompile Include="Input.cpp">
      <Filter>Source Files</Filter>
    </ClCompile>
    <ClCompile Include="Mesh.cpp">
      <Filter>Source Files</Filter>
    </ClCompile>
    <ClCompile Include="Transform.cpp">
      <Filter>Source Files</Filter>
    </ClCompile>
    <ClCompile Include="Entity.cpp">
      <Filter>Source Files</Filter>
    </ClCompile>
    <ClCompile Include="Camera.cpp">
      <Filter>Source Files</Filter>
    </ClCompile>
    <ClCompile Include="SimpleShader.cpp">
      <Filter>Source Files</Filter>
    </ClCompile>
    <ClCompile Include="Material.cpp">
      <Filter>Source Files</Filter>
    </ClCompile>
    <ClCompile Include="Sky.cpp">
      <Filter>Source Files</Filter>
    </ClCompile>
  </ItemGroup>
  <ItemGroup>
    <ClInclude Include="Vertex.h">
      <Filter>Header Files</Filter>
    </ClInclude>
    <ClInclude Include="DXCore.h">
      <Filter>Header Files</Filter>
    </ClInclude>
    <ClInclude Include="Game.h">
      <Filter>Header Files</Filter>
    </ClInclude>
    <ClInclude Include="Input.h">
      <Filter>Header Files</Filter>
    </ClInclude>
    <ClInclude Include="Mesh.h">
      <Filter>Header Files</Filter>
    </ClInclude>
    <ClInclude Include="Transform.h">
      <Filter>Header Files</Filter>
    </ClInclude>
    <ClInclude Include="Entity.h">
      <Filter>Header Files</Filter>
    </ClInclude>
    <ClInclude Include="Camera.h">
      <Filter>Header Files</Filter>
    </ClInclude>
    <ClInclude Include="SimpleShader.h">
      <Filter>Header Files</Filter>
    </ClInclude>
    <ClInclude Include="Material.h">
      <Filter>Header Files</Filter>
    </ClInclude>
    <ClInclude Include="Lights.h">
      <Filter>Header Files</Filter>
    </ClInclude>
    <ClInclude Include="Sky.h">
      <Filter>Header Files</Filter>
    </ClInclude>
  </ItemGroup>
  <ItemGroup>
    <FxCompile Include="PixelShader.hlsl">
      <Filter>Shaders</Filter>
    </FxCompile>
    <FxCompile Include="VertexShader.hlsl">
      <Filter>Shaders</Filter>
    </FxCompile>
    <FxCompile Include="RandomPixelShader.hlsl">
      <Filter>Shaders</Filter>
    </FxCompile>
    <FxCompile Include="SimplePixelShader.hlsl">
      <Filter>Shaders</Filter>
    </FxCompile>
    <FxCompile Include="SkyboxPixelShader.hlsl">
      <Filter>Shaders</Filter>
    </FxCompile>
    <FxCompile Include="SkyboxVertexShader.hlsl">
      <Filter>Shaders</Filter>
    </FxCompile>
  </ItemGroup>
  <ItemGroup>
    <CopyFileToFolders Include="Assets\Models\cube.obj">
      <Filter>Assets\Models</Filter>
    </CopyFileToFolders>
    <CopyFileToFolders Include="Assets\Models\cylinder.obj">
      <Filter>Assets\Models</Filter>
    </CopyFileToFolders>
    <CopyFileToFolders Include="Assets\Models\helix.obj">
      <Filter>Assets\Models</Filter>
    </CopyFileToFolders>
    <CopyFileToFolders Include="Assets\Models\quad.obj">
      <Filter>Assets\Models</Filter>
    </CopyFileToFolders>
    <CopyFileToFolders Include="Assets\Models\quad_double_sided.obj">
      <Filter>Assets\Models</Filter>
    </CopyFileToFolders>
    <CopyFileToFolders Include="Assets\Models\sphere.obj">
      <Filter>Assets\Models</Filter>
    </CopyFileToFolders>
    <CopyFileToFolders Include="Assets\Models\torus.obj">
      <Filter>Assets\Models</Filter>
    </CopyFileToFolders>
    <CopyFileToFolders Include="Assets\Textures\HQGame\attribution.txt">
      <Filter>Assets\Textures\HQGame</Filter>
    </CopyFileToFolders>
    <CopyFileToFolders Include="Assets\Textures\HQGame\license_CC-BY-SA-4.0.txt">
      <Filter>Assets\Textures\HQGame</Filter>
    </CopyFileToFolders>
    <CopyFileToFolders Include="Assets\Textures\HQGame\structure-blocked.tga">
      <Filter>Assets\Textures\HQGame</Filter>
    </CopyFileToFolders>
    <CopyFileToFolders Include="Assets\Textures\HQGame\structure-carpet.tga">
      <Filter>Assets\Textures\HQGame</Filter>
    </CopyFileToFolders>
    <CopyFileToFolders Include="Assets\Textures\HQGame\structure-endgame-deepfloor_albedo.tga">
      <Filter>Assets\Textures\HQGame</Filter>
    </CopyFileToFolders>
    <CopyFileToFolders Include="Assets\Textures\HQGame\structure-endgame-deepfloor_bump.tga">
      <Filter>Assets\Textures\HQGame</Filter>
    </CopyFileToFolders>
    <CopyFileToFolders Include="Assets\Textures\HQGame\structure-endgame-dirt.tga">
      <Filter>Assets\Textures\HQGame</Filter>
    </CopyFileToFolders>
    <CopyFileToFolders Include="Assets\Textures\HQGame\structure-endgame-floor_albedo.tga">
      <Filter>Assets\Textures\HQGame</Filter>
    </CopyFileToFolders>
    <CopyFileToFolders Include="Assets\Textures\HQGame\structure-endgame-floor_bump.tga">
      <Filter>Assets\Textures\HQGame</Filter>
    </CopyFileToFolders>
    <CopyFileToFolders Include="Assets\Textures\HQGame\structure-endgame-wall_albedo.tga">
      <Filter>Assets\Textures\HQGame</Filter>
    </CopyFileToFolders>
    <CopyFileToFolders Include="Assets\Textures\HQGame\structure-endgame-wall_bump.tga">
      <Filter>Assets\Textures\HQGame</Filter>
    </CopyFileToFolders>
    <CopyFileToFolders Include="Assets\Textures\HQGame\structure-endgame-water.tga">
      <Filter>Assets\Textures\HQGame</Filter>
    </CopyFileToFolders>
    <CopyFileToFolders Include="Assets\Textures\HQGame\structure-tile.tga">
      <Filter>Assets\Textures\HQGame</Filter>
    </CopyFileToFolders>
    <CopyFileToFolders Include="Assets\Textures\HQGame\structure-vrgrid-a.tga">
      <Filter>Assets\Textures\HQGame</Filter>
    </CopyFileToFolders>
    <CopyFileToFolders Include="Assets\Textures\HQGame\structure-vrgrid-b.tga">
      <Filter>Assets\Textures\HQGame</Filter>
    </CopyFileToFolders>
    <CopyFileToFolders Include="Assets\Textures\HQGame\structure-wall_albedo.tga">
      <Filter>Assets\Textures\HQGame</Filter>
    </CopyFileToFolders>
    <CopyFileToFolders Include="Assets\Textures\HQGame\structure-wall_bump.tga">
      <Filter>Assets\Textures\HQGame</Filter>
    </CopyFileToFolders>
    <CopyFileToFolders Include="Assets\Textures\HQGame\structure-wood.tga">
      <Filter>Assets\Textures\HQGame</Filter>
    </CopyFileToFolders>
    <CopyFileToFolders Include="Assets\Textures\HQGame\structure-endgame-deepfloor_albedo.png">
      <Filter>Assets\Textures\HQGame</Filter>
    </CopyFileToFolders>
    <CopyFileToFolders Include="Assets\Textures\HQGame\structure-endgame-deepfloor_bump.png">
      <Filter>Assets\Textures\HQGame</Filter>
    </CopyFileToFolders>
    <CopyFileToFolders Include="Assets\Textures\HQGame\structure-endgame-floor_albedo.png">
      <Filter>Assets\Textures\HQGame</Filter>
    </CopyFileToFolders>
    <CopyFileToFolders Include="Assets\Textures\HQGame\structure-endgame-floor_bump.png">
      <Filter>Assets\Textures\HQGame</Filter>
    </CopyFileToFolders>
    <CopyFileToFolders Include="Assets\Textures\HQGame\structure-endgame-deepfloor_specular.png">
      <Filter>Assets\Textures\HQGame</Filter>
    </CopyFileToFolders>
    <CopyFileToFolders Include="Assets\Textures\HQGame\structure-endgame-floor_specular.png">
      <Filter>Assets\Textures\HQGame</Filter>
    </CopyFileToFolders>
    <CopyFileToFolders Include="Assets\Textures\HQGame\structure-endgame-deepfloor_emissive.png">
      <Filter>Assets\Textures\HQGame</Filter>
    </CopyFileToFolders>
    <CopyFileToFolders Include="Assets\Textures\HQGame\structure-endgame-floor_emissive.png">
      <Filter>Assets\Textures\HQGame</Filter>
    </CopyFileToFolders>
    <CopyFileToFolders Include="Assets\Textures\WithNormals\cobblestone.png">
      <Filter>Assets\Textures\WithNormals</Filter>
    </CopyFileToFolders>
    <CopyFileToFolders Include="Assets\Textures\WithNormals\cobblestone_normals.png">
      <Filter>Assets\Textures\WithNormals</Filter>
    </CopyFileToFolders>
    <CopyFileToFolders Include="Assets\Textures\WithNormals\cobblestone_specular.png">
      <Filter>Assets\Textures\WithNormals</Filter>
    </CopyFileToFolders>
    <CopyFileToFolders Include="Assets\Textures\WithNormals\cushion.png">
      <Filter>Assets\Textures\WithNormals</Filter>
    </CopyFileToFolders>
    <CopyFileToFolders Include="Assets\Textures\WithNormals\cushion_normals.png">
      <Filter>Assets\Textures\WithNormals</Filter>
    </CopyFileToFolders>
    <CopyFileToFolders Include="Assets\Textures\WithNormals\cushion_specular.png">
      <Filter>Assets\Textures\WithNormals</Filter>
    </CopyFileToFolders>
    <CopyFileToFolders Include="Assets\Textures\WithNormals\rock.png">
      <Filter>Assets\Textures\WithNormals</Filter>
    </CopyFileToFolders>
    <CopyFileToFolders Include="Assets\Textures\WithNormals\rock_normals.png">
      <Filter>Assets\Textures\WithNormals</Filter>
    </CopyFileToFolders>
    <CopyFileToFolders Include="Assets\Textures\WithNormals\rock_specular.png">
      <Filter>Assets\Textures\WithNormals</Filter>
    </CopyFileToFolders>
    <CopyFileToFolders Include="Assets\Textures\Skies\planets\up.png">
      <Filter>Assets\Textures\Skies\planets</Filter>
    </CopyFileToFolders>
    <CopyFileToFolders Include="Assets\Textures\Skies\planets\back.png">
      <Filter>Assets\Textures\Skies\planets</Filter>
    </CopyFileToFolders>
    <CopyFileToFolders Include="Assets\Textures\Skies\planets\down.png">
      <Filter>Assets\Textures\Skies\planets</Filter>
    </CopyFileToFolders>
    <CopyFileToFolders Include="Assets\Textures\Skies\planets\front.png">
      <Filter>Assets\Textures\Skies\planets</Filter>
    </CopyFileToFolders>
    <CopyFileToFolders Include="Assets\Textures\Skies\planets\left.png">
      <Filter>Assets\Textures\Skies\planets</Filter>
    </CopyFileToFolders>
    <CopyFileToFolders Include="Assets\Textures\Skies\planets\right.png">
      <Filter>Assets\Textures\Skies\planets</Filter>
    </CopyFileToFolders>
  </ItemGroup>
  <ItemGroup>
    <None Include="Helpers.hlsli">
      <Filter>Shaders</Filter>
    </None>
    <None Include="ThirdPartyFunctions.hlsli">
      <Filter>Shaders</Filter>
    </None>
    <None Include="Defines.hlsli">
      <Filter>Shaders</Filter>
    </None>
    <None Include="Lights.hlsli">
      <Filter>Shaders</Filter>
    </None>
    <None Include="packages.config" />
    <None Include="SkyboxDefines.hlsli">
      <Filter>Shaders</Filter>
    </None>
  </ItemGroup>
</Project>